<?xml version="1.0" encoding="utf-8"?>
<Project ToolsVersion="4.0" xmlns="http://schemas.microsoft.com/developer/msbuild/2003">
  <ItemGroup>
    <Filter Include="Source Files">
      <UniqueIdentifier>{4FC737F1-C7A5-4376-A066-2A32D752A2FF}</UniqueIdentifier>
      <Extensions>cpp;c;cc;cxx;def;odl;idl;hpj;bat;asm;asmx</Extensions>
    </Filter>
    <Filter Include="External Source Files">
      <UniqueIdentifier>{a29e2db4-74af-45ed-a85e-4e5ee7ccfb30}</UniqueIdentifier>
    </Filter>
    <Filter Include="External Source Files\logger">
      <UniqueIdentifier>{6dc8537b-4647-4da1-bf75-212700f75e92}</UniqueIdentifier>
    </Filter>
    <Filter Include="PMDG Common Source Files">
      <UniqueIdentifier>{7f79d486-f835-468e-9996-fead878085d3}</UniqueIdentifier>
    </Filter>
    <Filter Include="Common">
      <UniqueIdentifier>{9224ece1-1017-4c60-93d2-0c3600dd8022}</UniqueIdentifier>
    </Filter>
  </ItemGroup>
  <ItemGroup>
    <ClCompile Include="..\..\..\external\Public\logger\logger.cpp">
      <Filter>External Source Files\logger</Filter>
    </ClCompile>
    <ClCompile Include="..\Pmdg737NGXCommon\Pmdg737ngx.cpp">
      <Filter>PMDG Common Source Files</Filter>
    </ClCompile>
    <ClCompile Include="..\Pmdg737NGXCommon\SimDataService.cpp">
      <Filter>PMDG Common Source Files</Filter>
    </ClCompile>
    <ClCompile Include="..\Pmdg737NGXCommon\dllmain.cpp">
      <Filter>PMDG Common Source Files</Filter>
    </ClCompile>
    <ClCompile Include="..\Common\flightsim_json.cpp">
      <Filter>Common</Filter>
    </ClCompile>
    <ClCompile Include="..\Common\SimConnectErrors.cpp">
      <Filter>Common</Filter>
    </ClCompile>
    <ClCompile Include="..\Common\GenericSimConnect.cpp">
      <Filter>Common</Filter>
    </ClCompile>
  </ItemGroup>
  <ItemGroup>
    <ClInclude Include="..\..\..\external\Public\logger\logger.h">
      <Filter>External Source Files\logger</Filter>
    </ClInclude>
    <ClInclude Include="..\..\..\external\Public\aysnc_queue.h">
      <Filter>External Source Files</Filter>
    </ClInclude>
    <ClInclude Include="..\..\..\external\Public\inheritableEnableShareFromThis.h">
      <Filter>External Source Files</Filter>
    </ClInclude>
    <ClInclude Include="..\Pmdg737NGXCommon\Pmdg737ngx.h">
      <Filter>PMDG Common Source Files</Filter>
    </ClInclude>
    <ClInclude Include="..\Pmdg737NGXCommon\SimDataService.h">
      <Filter>PMDG Common Source Files</Filter>
    </ClInclude>
    <ClInclude Include="..\Common\ISimDataService.h">
      <Filter>Common</Filter>
    </ClInclude>
    <ClInclude Include="..\Common\flightsim_json.h">
      <Filter>Common</Filter>
    </ClInclude>
    <ClInclude Include="..\Common\GeneralSimData.h">
      <Filter>Common</Filter>
    </ClInclude>
    <ClInclude Include="..\Common\GenericSimConnect.h">
      <Filter>Common</Filter>
    </ClInclude>
    <ClInclude Include="..\Common\framework.h">
      <Filter>Common</Filter>
    </ClInclude>
  </ItemGroup>
</Project>