<?xml version="1.0" encoding="utf-8"?>
<Project ToolsVersion="4.0" xmlns="http://schemas.microsoft.com/developer/msbuild/2003">
  <ItemGroup>
    <Filter Include="Source Files">
      <UniqueIdentifier>{4FC737F1-C7A5-4376-A066-2A32D752A2FF}</UniqueIdentifier>
      <Extensions>cpp;c;cc;cxx;def;odl;idl;hpj;bat;asm;asmx</Extensions>
    </Filter>
    <Filter Include="Header Files">
      <UniqueIdentifier>{93995380-89BD-4b04-88EB-625FBE52EBFB}</UniqueIdentifier>
      <Extensions>h;hh;hpp;hxx;hm;inl;inc;ipp;xsd</Extensions>
    </Filter>
    <Filter Include="Resource Files">
      <UniqueIdentifier>{67DA6AB6-F800-4c08-8B7A-83BB121AAD01}</UniqueIdentifier>
      <Extensions>rc;ico;cur;bmp;dlg;rc2;rct;bin;rgs;gif;jpg;jpeg;jpe;resx;tiff;tif;png;wav;mfcribbon-ms</Extensions>
    </Filter>
    <Filter Include="External Source files">
      <UniqueIdentifier>{1c3f7cd2-d841-4149-b5b7-68e05869de44}</UniqueIdentifier>
    </Filter>
    <Filter Include="External Source files\logger">
      <UniqueIdentifier>{c32a5239-813b-4c19-86f4-1e3fa031f753}</UniqueIdentifier>
    </Filter>
    <Filter Include="Common">
      <UniqueIdentifier>{f1a1c365-d524-447b-9b96-dcdfe197c6a3}</UniqueIdentifier>
    </Filter>
  </ItemGroup>
  <ItemGroup>
    <ClInclude Include="..\..\..\external\Public\logger\logger.h">
      <Filter>External Source files\logger</Filter>
    </ClInclude>
    <ClInclude Include="..\..\..\external\Public\aysnc_queue.h">
      <Filter>External Source files</Filter>
    </ClInclude>
    <ClInclude Include="..\..\..\external\Public\inheritableEnableShareFromThis.h">
      <Filter>External Source files</Filter>
    </ClInclude>
    <ClInclude Include="..\Common\ISimDataService.h">
      <Filter>Common</Filter>
    </ClInclude>
    <ClInclude Include="Source\SimDataService.h">
      <Filter>Source Files</Filter>
    </ClInclude>
    <ClInclude Include="..\Common\flightsim_json.h">
      <Filter>Common</Filter>
    </ClInclude>
    <ClInclude Include="..\Common\GeneralSimData.h">
      <Filter>Common</Filter>
    </ClInclude>
    <ClInclude Include="..\Common\GenericSimConnect.h">
      <Filter>Common</Filter>
    </ClInclude>
    <ClInclude Include="..\Common\framework.h">
      <Filter>Common</Filter>
    </ClInclude>
    <ClInclude Include="Source\ifly737.h">
      <Filter>Source Files</Filter>
    </ClInclude>
  </ItemGroup>
  <ItemGroup>
    <ClCompile Include="..\..\..\external\Public\logger\logger.cpp">
      <Filter>External Source files\logger</Filter>
    </ClCompile>
    <ClCompile Include="Source\dllmain.cpp">
      <Filter>Source Files</Filter>
    </ClCompile>
    <ClCompile Include="Source\SimDataService.cpp">
      <Filter>Source Files</Filter>
    </ClCompile>
    <ClCompile Include="..\Common\flightsim_json.cpp">
      <Filter>Common</Filter>
    </ClCompile>
    <ClCompile Include="..\Common\SimConnectErrors.cpp">
      <Filter>Common</Filter>
    </ClCompile>
    <ClCompile Include="..\Common\GenericSimConnect.cpp">
      <Filter>Common</Filter>
    </ClCompile>
    <ClCompile Include="Source\ifly737.cpp">
      <Filter>Source Files</Filter>
    </ClCompile>
  </ItemGroup>
</Project>